
Microsoft Visual Studio Solution File, Format Version 12.00
# Visual Studio Version 17
VisualStudioVersion = 17.5.33516.290
MinimumVisualStudioVersion = 10.0.40219.1
Project("{9A19103F-16F7-4668-BE54-9A1E7A4F7556}") = "neetcode", "neetcode\neetcode.csproj", "{42552C52-ABDE-408F-A100-9515C6127780}"
EndProject
Project("{9A19103F-16F7-4668-BE54-9A1E7A4F7556}") = "Test", "Test\Test.csproj", "{FFE8E919-3D45-43CD-BE9C-EBFE6F3C23D6}"
EndProject
Project("{FAE04EC0-301F-11D3-BF4B-00C04F79EFBC}") = "Benchmarks", "Benchmarks\Benchmarks.csproj", "{3CE7C661-8F66-49D2-9061-6E3EEDC80988}"
EndProject
Global
	GlobalSection(SolutionConfigurationPlatforms) = preSolution
		Debug|Any CPU = Debug|Any CPU
		Release|Any CPU = Release|Any CPU
	EndGlobalSection
	GlobalSection(ProjectConfigurationPlatforms) = postSolution
		{42552C52-ABDE-408F-A100-9515C6127780}.Debug|Any CPU.ActiveCfg = Debug|Any CPU
		{42552C52-ABDE-408F-A100-9515C6127780}.Debug|Any CPU.Build.0 = Debug|Any CPU
		{42552C52-ABDE-408F-A100-9515C6127780}.Release|Any CPU.ActiveCfg = Release|Any CPU
		{42552C52-ABDE-408F-A100-9515C6127780}.Release|Any CPU.Build.0 = Release|Any CPU
		{FFE8E919-3D45-43CD-BE9C-EBFE6F3C23D6}.Debug|Any CPU.ActiveCfg = Debug|Any CPU
		{FFE8E919-3D45-43CD-BE9C-EBFE6F3C23D6}.Debug|Any CPU.Build.0 = Debug|Any CPU
		{FFE8E919-3D45-43CD-BE9C-EBFE6F3C23D6}.Release|Any CPU.ActiveCfg = Release|Any CPU
		{FFE8E919-3D45-43CD-BE9C-EBFE6F3C23D6}.Release|Any CPU.Build.0 = Release|Any CPU
		{3CE7C661-8F66-49D2-9061-6E3EEDC80988}.Debug|Any CPU.ActiveCfg = Debug|Any CPU
		{3CE7C661-8F66-49D2-9061-6E3EEDC80988}.Debug|Any CPU.Build.0 = Debug|Any CPU
		{3CE7C661-8F66-49D2-9061-6E3EEDC80988}.Release|Any CPU.ActiveCfg = Release|Any CPU
		{3CE7C661-8F66-49D2-9061-6E3EEDC80988}.Release|Any CPU.Build.0 = Release|Any CPU
	EndGlobalSection
	GlobalSection(SolutionProperties) = preSolution
		HideSolutionNode = FALSE
	EndGlobalSection
	GlobalSection(ExtensibilityGlobals) = postSolution
		SolutionGuid = {A96ED9AF-30D7-416B-BE24-8524681A0197}
	EndGlobalSection
EndGlobal
